
Microsoft Visual Studio Solution File, Format Version 12.00
# Visual Studio Version 16
VisualStudioVersion = 16.0.29424.173
MinimumVisualStudioVersion = 10.0.40219.1
Project("{FAE04EC0-301F-11D3-BF4B-00C04F79EFBC}") = "StudentLoans", "StudentLoans\StudentLoans.csproj", "{D9426E6E-826F-4A8E-BC0E-5178FE3BE202}"
EndProject
Global
	GlobalSection(SolutionConfigurationPlatforms) = preSolution
		Debug|Any CPU = Debug|Any CPU
		Release|Any CPU = Release|Any CPU
	EndGlobalSection
	GlobalSection(ProjectConfigurationPlatforms) = postSolution
		{D9426E6E-826F-4A8E-BC0E-5178FE3BE202}.Debug|Any CPU.ActiveCfg = Debug|Any CPU
		{D9426E6E-826F-4A8E-BC0E-5178FE3BE202}.Debug|Any CPU.Build.0 = Debug|Any CPU
		{D9426E6E-826F-4A8E-BC0E-5178FE3BE202}.Release|Any CPU.ActiveCfg = Release|Any CPU
		{D9426E6E-826F-4A8E-BC0E-5178FE3BE202}.Release|Any CPU.Build.0 = Release|Any CPU
	EndGlobalSection
	GlobalSection(SolutionProperties) = preSolution
		HideSolutionNode = FALSE
	EndGlobalSection
	GlobalSection(ExtensibilityGlobals) = postSolution
		SolutionGuid = {BBC9D0DB-2424-45FB-9FF8-53D7F0FC9CE8}
	EndGlobalSection
EndGlobal
